// !$*UTF8*$!
{
	archiveVersion = 1;
	classes = {
	};
	objectVersion = 55;
	objects = {

/* Begin PBXBuildFile section */
		46E470B528118D6300896040 /* Coordinator.docc in Sources */ = {isa = PBXBuildFile; fileRef = 46E470B428118D6300896040 /* Coordinator.docc */; };
		46E470BB28118D6300896040 /* Coordinator.framework in Frameworks */ = {isa = PBXBuildFile; fileRef = 46E470B028118D6300896040 /* Coordinator.framework */; };
		46E470C028118D6300896040 /* CoordinatorTests.swift in Sources */ = {isa = PBXBuildFile; fileRef = 46E470BF28118D6300896040 /* CoordinatorTests.swift */; };
		46E470C128118D6300896040 /* Coordinator.h in Headers */ = {isa = PBXBuildFile; fileRef = 46E470B328118D6300896040 /* Coordinator.h */; settings = {ATTRIBUTES = (Public, ); }; };
		46E470D1281191D600896040 /* RouterType.swift in Sources */ = {isa = PBXBuildFile; fileRef = 46E470D0281191D600896040 /* RouterType.swift */; };
		46E470D3281191EB00896040 /* CoordinatorType.swift in Sources */ = {isa = PBXBuildFile; fileRef = 46E470D2281191EB00896040 /* CoordinatorType.swift */; };
		46E470D5281191F600896040 /* GenericRouter.swift in Sources */ = {isa = PBXBuildFile; fileRef = 46E470D4281191F600896040 /* GenericRouter.swift */; };
		46E470D7281191FF00896040 /* AnyCoordinator.swift in Sources */ = {isa = PBXBuildFile; fileRef = 46E470D6281191FF00896040 /* AnyCoordinator.swift */; };
		46E470D92811920700896040 /* Coordinator.swift in Sources */ = {isa = PBXBuildFile; fileRef = 46E470D82811920700896040 /* Coordinator.swift */; };
		46E470DB2811921000896040 /* RoutingBatch.swift in Sources */ = {isa = PBXBuildFile; fileRef = 46E470DA2811921000896040 /* RoutingBatch.swift */; };
		C0EF5CA0283432030059603B /* ViewableCoordinatorType.swift in Sources */ = {isa = PBXBuildFile; fileRef = C0EF5C9F283432030059603B /* ViewableCoordinatorType.swift */; };
		C0EF5CA3283433110059603B /* AnyViewableCoordinator.swift in Sources */ = {isa = PBXBuildFile; fileRef = C0EF5CA2283433110059603B /* AnyViewableCoordinator.swift */; };
/* End PBXBuildFile section */

/* Begin PBXContainerItemProxy section */
		46E470BC28118D6300896040 /* PBXContainerItemProxy */ = {
			isa = PBXContainerItemProxy;
			containerPortal = 46E470A728118D6300896040 /* Project object */;
			proxyType = 1;
			remoteGlobalIDString = 46E470AF28118D6300896040;
			remoteInfo = Coordinator;
		};
/* End PBXContainerItemProxy section */

/* Begin PBXFileReference section */
		46E470B028118D6300896040 /* Coordinator.framework */ = {isa = PBXFileReference; explicitFileType = wrapper.framework; includeInIndex = 0; path = Coordinator.framework; sourceTree = BUILT_PRODUCTS_DIR; };
		46E470B328118D6300896040 /* Coordinator.h */ = {isa = PBXFileReference; lastKnownFileType = sourcecode.c.h; path = Coordinator.h; sourceTree = "<group>"; };
		46E470B428118D6300896040 /* Coordinator.docc */ = {isa = PBXFileReference; lastKnownFileType = folder.documentationcatalog; path = Coordinator.docc; sourceTree = "<group>"; };
		46E470BA28118D6300896040 /* CoordinatorTests.xctest */ = {isa = PBXFileReference; explicitFileType = wrapper.cfbundle; includeInIndex = 0; path = CoordinatorTests.xctest; sourceTree = BUILT_PRODUCTS_DIR; };
		46E470BF28118D6300896040 /* CoordinatorTests.swift */ = {isa = PBXFileReference; lastKnownFileType = sourcecode.swift; path = CoordinatorTests.swift; sourceTree = "<group>"; };
		46E470CC28118F3E00896040 /* LICENSE */ = {isa = PBXFileReference; lastKnownFileType = text; path = LICENSE; sourceTree = "<group>"; };
		46E470CD28118F3E00896040 /* README.md */ = {isa = PBXFileReference; lastKnownFileType = net.daringfireball.markdown; path = README.md; sourceTree = "<group>"; };
		46E470CE28118FCD00896040 /* Package.swift */ = {isa = PBXFileReference; lastKnownFileType = sourcecode.swift; path = Package.swift; sourceTree = "<group>"; };
		46E470D0281191D600896040 /* RouterType.swift */ = {isa = PBXFileReference; lastKnownFileType = sourcecode.swift; path = RouterType.swift; sourceTree = "<group>"; };
		46E470D2281191EB00896040 /* CoordinatorType.swift */ = {isa = PBXFileReference; lastKnownFileType = sourcecode.swift; path = CoordinatorType.swift; sourceTree = "<group>"; };
		46E470D4281191F600896040 /* GenericRouter.swift */ = {isa = PBXFileReference; lastKnownFileType = sourcecode.swift; path = GenericRouter.swift; sourceTree = "<group>"; };
		46E470D6281191FF00896040 /* AnyCoordinator.swift */ = {isa = PBXFileReference; lastKnownFileType = sourcecode.swift; path = AnyCoordinator.swift; sourceTree = "<group>"; };
		46E470D82811920700896040 /* Coordinator.swift */ = {isa = PBXFileReference; lastKnownFileType = sourcecode.swift; path = Coordinator.swift; sourceTree = "<group>"; };
		46E470DA2811921000896040 /* RoutingBatch.swift */ = {isa = PBXFileReference; lastKnownFileType = sourcecode.swift; path = RoutingBatch.swift; sourceTree = "<group>"; };
		C0EF5C9F283432030059603B /* ViewableCoordinatorType.swift */ = {isa = PBXFileReference; lastKnownFileType = sourcecode.swift; path = ViewableCoordinatorType.swift; sourceTree = "<group>"; };
		C0EF5CA2283433110059603B /* AnyViewableCoordinator.swift */ = {isa = PBXFileReference; lastKnownFileType = sourcecode.swift; path = AnyViewableCoordinator.swift; sourceTree = "<group>"; };
/* End PBXFileReference section */

/* Begin PBXFrameworksBuildPhase section */
		46E470AD28118D6300896040 /* Frameworks */ = {
			isa = PBXFrameworksBuildPhase;
			buildActionMask = 2147483647;
			files = (
			);
			runOnlyForDeploymentPostprocessing = 0;
		};
		46E470B728118D6300896040 /* Frameworks */ = {
			isa = PBXFrameworksBuildPhase;
			buildActionMask = 2147483647;
			files = (
				46E470BB28118D6300896040 /* Coordinator.framework in Frameworks */,
			);
			runOnlyForDeploymentPostprocessing = 0;
		};
/* End PBXFrameworksBuildPhase section */

/* Begin PBXGroup section */
		46E470A628118D6300896040 = {
			isa = PBXGroup;
			children = (
				46E470B228118D6300896040 /* Coordinator */,
				46E470BE28118D6300896040 /* CoordinatorTests */,
				46E470CC28118F3E00896040 /* LICENSE */,
				46E470CD28118F3E00896040 /* README.md */,
				46E470CE28118FCD00896040 /* Package.swift */,
				46E470B128118D6300896040 /* Products */,
			);
			sourceTree = "<group>";
		};
		46E470B128118D6300896040 /* Products */ = {
			isa = PBXGroup;
			children = (
				46E470B028118D6300896040 /* Coordinator.framework */,
				46E470BA28118D6300896040 /* CoordinatorTests.xctest */,
			);
			name = Products;
			sourceTree = "<group>";
		};
		46E470B228118D6300896040 /* Coordinator */ = {
			isa = PBXGroup;
			children = (
				46E470CA28118DC700896040 /* Sources */,
				46E470B428118D6300896040 /* Coordinator.docc */,
			);
			path = Coordinator;
			sourceTree = "<group>";
		};
		46E470BE28118D6300896040 /* CoordinatorTests */ = {
			isa = PBXGroup;
			children = (
				46E470CF281190A600896040 /* Sources */,
			);
			path = CoordinatorTests;
			sourceTree = "<group>";
		};
		46E470CA28118DC700896040 /* Sources */ = {
			isa = PBXGroup;
			children = (
				46E470B328118D6300896040 /* Coordinator.h */,
				46E470D6281191FF00896040 /* AnyCoordinator.swift */,
				C0EF5CA2283433110059603B /* AnyViewableCoordinator.swift */,
				46E470D82811920700896040 /* Coordinator.swift */,
				46E470D2281191EB00896040 /* CoordinatorType.swift */,
				46E470D4281191F600896040 /* GenericRouter.swift */,
				46E470D0281191D600896040 /* RouterType.swift */,
				46E470DA2811921000896040 /* RoutingBatch.swift */,
				C0EF5C9F283432030059603B /* ViewableCoordinatorType.swift */,
			);
			path = Sources;
			sourceTree = "<group>";
		};
		46E470CF281190A600896040 /* Sources */ = {
			isa = PBXGroup;
			children = (
				46E470BF28118D6300896040 /* CoordinatorTests.swift */,
			);
			path = Sources;
			sourceTree = "<group>";
		};
/* End PBXGroup section */

/* Begin PBXHeadersBuildPhase section */
		46E470AB28118D6300896040 /* Headers */ = {
			isa = PBXHeadersBuildPhase;
			buildActionMask = 2147483647;
			files = (
				46E470C128118D6300896040 /* Coordinator.h in Headers */,
			);
			runOnlyForDeploymentPostprocessing = 0;
		};
/* End PBXHeadersBuildPhase section */

/* Begin PBXNativeTarget section */
		46E470AF28118D6300896040 /* Coordinator */ = {
			isa = PBXNativeTarget;
			buildConfigurationList = 46E470C428118D6300896040 /* Build configuration list for PBXNativeTarget "Coordinator" */;
			buildPhases = (
				46E470AB28118D6300896040 /* Headers */,
				46E470AC28118D6300896040 /* Sources */,
				46E470AD28118D6300896040 /* Frameworks */,
				46E470AE28118D6300896040 /* Resources */,
			);
			buildRules = (
			);
			dependencies = (
			);
			name = Coordinator;
			productName = Coordinator;
			productReference = 46E470B028118D6300896040 /* Coordinator.framework */;
			productType = "com.apple.product-type.framework";
		};
		46E470B928118D6300896040 /* CoordinatorTests */ = {
			isa = PBXNativeTarget;
			buildConfigurationList = 46E470C728118D6300896040 /* Build configuration list for PBXNativeTarget "CoordinatorTests" */;
			buildPhases = (
				46E470B628118D6300896040 /* Sources */,
				46E470B728118D6300896040 /* Frameworks */,
				46E470B828118D6300896040 /* Resources */,
			);
			buildRules = (
			);
			dependencies = (
				46E470BD28118D6300896040 /* PBXTargetDependency */,
			);
			name = CoordinatorTests;
			productName = CoordinatorTests;
			productReference = 46E470BA28118D6300896040 /* CoordinatorTests.xctest */;
			productType = "com.apple.product-type.bundle.unit-test";
		};
/* End PBXNativeTarget section */

/* Begin PBXProject section */
		46E470A728118D6300896040 /* Project object */ = {
			isa = PBXProject;
			attributes = {
				BuildIndependentTargetsInParallel = 1;
				LastSwiftUpdateCheck = 1330;
				LastUpgradeCheck = 1330;
				TargetAttributes = {
					46E470AF28118D6300896040 = {
						CreatedOnToolsVersion = 13.3.1;
					};
					46E470B928118D6300896040 = {
						CreatedOnToolsVersion = 13.3.1;
					};
				};
			};
			buildConfigurationList = 46E470AA28118D6300896040 /* Build configuration list for PBXProject "Coordinator" */;
			compatibilityVersion = "Xcode 13.0";
			developmentRegion = en;
			hasScannedForEncodings = 0;
			knownRegions = (
				en,
				Base,
			);
			mainGroup = 46E470A628118D6300896040;
			productRefGroup = 46E470B128118D6300896040 /* Products */;
			projectDirPath = "";
			projectRoot = "";
			targets = (
				46E470AF28118D6300896040 /* Coordinator */,
				46E470B928118D6300896040 /* CoordinatorTests */,
			);
		};
/* End PBXProject section */

/* Begin PBXResourcesBuildPhase section */
		46E470AE28118D6300896040 /* Resources */ = {
			isa = PBXResourcesBuildPhase;
			buildActionMask = 2147483647;
			files = (
			);
			runOnlyForDeploymentPostprocessing = 0;
		};
		46E470B828118D6300896040 /* Resources */ = {
			isa = PBXResourcesBuildPhase;
			buildActionMask = 2147483647;
			files = (
			);
			runOnlyForDeploymentPostprocessing = 0;
		};
/* End PBXResourcesBuildPhase section */

/* Begin PBXSourcesBuildPhase section */
		46E470AC28118D6300896040 /* Sources */ = {
			isa = PBXSourcesBuildPhase;
			buildActionMask = 2147483647;
			files = (
				46E470D5281191F600896040 /* GenericRouter.swift in Sources */,
				46E470D1281191D600896040 /* RouterType.swift in Sources */,
				46E470D92811920700896040 /* Coordinator.swift in Sources */,
				46E470B528118D6300896040 /* Coordinator.docc in Sources */,
				46E470D7281191FF00896040 /* AnyCoordinator.swift in Sources */,
				C0EF5CA0283432030059603B /* ViewableCoordinatorType.swift in Sources */,
				46E470D3281191EB00896040 /* CoordinatorType.swift in Sources */,
				C0EF5CA3283433110059603B /* AnyViewableCoordinator.swift in Sources */,
				46E470DB2811921000896040 /* RoutingBatch.swift in Sources */,
			);
			runOnlyForDeploymentPostprocessing = 0;
		};
		46E470B628118D6300896040 /* Sources */ = {
			isa = PBXSourcesBuildPhase;
			buildActionMask = 2147483647;
			files = (
				46E470C028118D6300896040 /* CoordinatorTests.swift in Sources */,
			);
			runOnlyForDeploymentPostprocessing = 0;
		};
/* End PBXSourcesBuildPhase section */

/* Begin PBXTargetDependency section */
		46E470BD28118D6300896040 /* PBXTargetDependency */ = {
			isa = PBXTargetDependency;
			target = 46E470AF28118D6300896040 /* Coordinator */;
			targetProxy = 46E470BC28118D6300896040 /* PBXContainerItemProxy */;
		};
/* End PBXTargetDependency section */

/* Begin XCBuildConfiguration section */
		46E470C228118D6300896040 /* Debug */ = {
			isa = XCBuildConfiguration;
			buildSettings = {
				ALWAYS_SEARCH_USER_PATHS = NO;
				CLANG_ANALYZER_NONNULL = YES;
				CLANG_ANALYZER_NUMBER_OBJECT_CONVERSION = YES_AGGRESSIVE;
				CLANG_CXX_LANGUAGE_STANDARD = "gnu++17";
				CLANG_ENABLE_MODULES = YES;
				CLANG_ENABLE_OBJC_ARC = YES;
				CLANG_ENABLE_OBJC_WEAK = YES;
				CLANG_WARN_BLOCK_CAPTURE_AUTORELEASING = YES;
				CLANG_WARN_BOOL_CONVERSION = YES;
				CLANG_WARN_COMMA = YES;
				CLANG_WARN_CONSTANT_CONVERSION = YES;
				CLANG_WARN_DEPRECATED_OBJC_IMPLEMENTATIONS = YES;
				CLANG_WARN_DIRECT_OBJC_ISA_USAGE = YES_ERROR;
				CLANG_WARN_DOCUMENTATION_COMMENTS = YES;
				CLANG_WARN_EMPTY_BODY = YES;
				CLANG_WARN_ENUM_CONVERSION = YES;
				CLANG_WARN_INFINITE_RECURSION = YES;
				CLANG_WARN_INT_CONVERSION = YES;
				CLANG_WARN_NON_LITERAL_NULL_CONVERSION = YES;
				CLANG_WARN_OBJC_IMPLICIT_RETAIN_SELF = YES;
				CLANG_WARN_OBJC_LITERAL_CONVERSION = YES;
				CLANG_WARN_OBJC_ROOT_CLASS = YES_ERROR;
				CLANG_WARN_QUOTED_INCLUDE_IN_FRAMEWORK_HEADER = YES;
				CLANG_WARN_RANGE_LOOP_ANALYSIS = YES;
				CLANG_WARN_STRICT_PROTOTYPES = YES;
				CLANG_WARN_SUSPICIOUS_MOVE = YES;
				CLANG_WARN_UNGUARDED_AVAILABILITY = YES_AGGRESSIVE;
				CLANG_WARN_UNREACHABLE_CODE = YES;
				CLANG_WARN__DUPLICATE_METHOD_MATCH = YES;
				COPY_PHASE_STRIP = NO;
				CURRENT_PROJECT_VERSION = 1;
				DEBUG_INFORMATION_FORMAT = dwarf;
				ENABLE_STRICT_OBJC_MSGSEND = YES;
				ENABLE_TESTABILITY = YES;
				GCC_C_LANGUAGE_STANDARD = gnu11;
				GCC_DYNAMIC_NO_PIC = NO;
				GCC_NO_COMMON_BLOCKS = YES;
				GCC_OPTIMIZATION_LEVEL = 0;
				GCC_PREPROCESSOR_DEFINITIONS = (
					"DEBUG=1",
					"$(inherited)",
				);
				GCC_WARN_64_TO_32_BIT_CONVERSION = YES;
				GCC_WARN_ABOUT_RETURN_TYPE = YES_ERROR;
				GCC_WARN_UNDECLARED_SELECTOR = YES;
				GCC_WARN_UNINITIALIZED_AUTOS = YES_AGGRESSIVE;
				GCC_WARN_UNUSED_FUNCTION = YES;
				GCC_WARN_UNUSED_VARIABLE = YES;
				IPHONEOS_DEPLOYMENT_TARGET = 15.4;
				MTL_ENABLE_DEBUG_INFO = INCLUDE_SOURCE;
				MTL_FAST_MATH = YES;
				ONLY_ACTIVE_ARCH = YES;
				SDKROOT = iphoneos;
				SWIFT_ACTIVE_COMPILATION_CONDITIONS = DEBUG;
				SWIFT_OPTIMIZATION_LEVEL = "-Onone";
				VERSIONING_SYSTEM = "apple-generic";
				VERSION_INFO_PREFIX = "";
			};
			name = Debug;
		};
		46E470C328118D6300896040 /* Release */ = {
			isa = XCBuildConfiguration;
			buildSettings = {
				ALWAYS_SEARCH_USER_PATHS = NO;
				CLANG_ANALYZER_NONNULL = YES;
				CLANG_ANALYZER_NUMBER_OBJECT_CONVERSION = YES_AGGRESSIVE;
				CLANG_CXX_LANGUAGE_STANDARD = "gnu++17";
				CLANG_ENABLE_MODULES = YES;
				CLANG_ENABLE_OBJC_ARC = YES;
				CLANG_ENABLE_OBJC_WEAK = YES;
				CLANG_WARN_BLOCK_CAPTURE_AUTORELEASING = YES;
				CLANG_WARN_BOOL_CONVERSION = YES;
				CLANG_WARN_COMMA = YES;
				CLANG_WARN_CONSTANT_CONVERSION = YES;
				CLANG_WARN_DEPRECATED_OBJC_IMPLEMENTATIONS = YES;
				CLANG_WARN_DIRECT_OBJC_ISA_USAGE = YES_ERROR;
				CLANG_WARN_DOCUMENTATION_COMMENTS = YES;
				CLANG_WARN_EMPTY_BODY = YES;
				CLANG_WARN_ENUM_CONVERSION = YES;
				CLANG_WARN_INFINITE_RECURSION = YES;
				CLANG_WARN_INT_CONVERSION = YES;
				CLANG_WARN_NON_LITERAL_NULL_CONVERSION = YES;
				CLANG_WARN_OBJC_IMPLICIT_RETAIN_SELF = YES;
				CLANG_WARN_OBJC_LITERAL_CONVERSION = YES;
				CLANG_WARN_OBJC_ROOT_CLASS = YES_ERROR;
				CLANG_WARN_QUOTED_INCLUDE_IN_FRAMEWORK_HEADER = YES;
				CLANG_WARN_RANGE_LOOP_ANALYSIS = YES;
				CLANG_WARN_STRICT_PROTOTYPES = YES;
				CLANG_WARN_SUSPICIOUS_MOVE = YES;
				CLANG_WARN_UNGUARDED_AVAILABILITY = YES_AGGRESSIVE;
				CLANG_WARN_UNREACHABLE_CODE = YES;
				CLANG_WARN__DUPLICATE_METHOD_MATCH = YES;
				COPY_PHASE_STRIP = NO;
				CURRENT_PROJECT_VERSION = 1;
				DEBUG_INFORMATION_FORMAT = "dwarf-with-dsym";
				ENABLE_NS_ASSERTIONS = NO;
				ENABLE_STRICT_OBJC_MSGSEND = YES;
				GCC_C_LANGUAGE_STANDARD = gnu11;
				GCC_NO_COMMON_BLOCKS = YES;
				GCC_WARN_64_TO_32_BIT_CONVERSION = YES;
				GCC_WARN_ABOUT_RETURN_TYPE = YES_ERROR;
				GCC_WARN_UNDECLARED_SELECTOR = YES;
				GCC_WARN_UNINITIALIZED_AUTOS = YES_AGGRESSIVE;
				GCC_WARN_UNUSED_FUNCTION = YES;
				GCC_WARN_UNUSED_VARIABLE = YES;
				IPHONEOS_DEPLOYMENT_TARGET = 15.4;
				MTL_ENABLE_DEBUG_INFO = NO;
				MTL_FAST_MATH = YES;
				SDKROOT = iphoneos;
				SWIFT_COMPILATION_MODE = wholemodule;
				SWIFT_OPTIMIZATION_LEVEL = "-O";
				VALIDATE_PRODUCT = YES;
				VERSIONING_SYSTEM = "apple-generic";
				VERSION_INFO_PREFIX = "";
			};
			name = Release;
		};
		46E470C528118D6300896040 /* Debug */ = {
			isa = XCBuildConfiguration;
			buildSettings = {
				CODE_SIGN_STYLE = Automatic;
				CURRENT_PROJECT_VERSION = 1;
				DEFINES_MODULE = YES;
				DYLIB_COMPATIBILITY_VERSION = 1;
				DYLIB_CURRENT_VERSION = 1;
				DYLIB_INSTALL_NAME_BASE = "@rpath";
				GENERATE_INFOPLIST_FILE = YES;
				INFOPLIST_KEY_NSHumanReadableCopyright = "";
				INSTALL_PATH = "$(LOCAL_LIBRARY_DIR)/Frameworks";
				LD_RUNPATH_SEARCH_PATHS = (
					"$(inherited)",
					"@executable_path/Frameworks",
					"@loader_path/Frameworks",
				);
				MARKETING_VERSION = 1.0;
				PRODUCT_BUNDLE_IDENTIFIER = com.gagnant.Coordinator;
				PRODUCT_NAME = "$(TARGET_NAME:c99extidentifier)";
				SKIP_INSTALL = YES;
				SWIFT_EMIT_LOC_STRINGS = YES;
				SWIFT_VERSION = 5.0;
				TARGETED_DEVICE_FAMILY = "1,2";
			};
			name = Debug;
		};
		46E470C628118D6300896040 /* Release */ = {
			isa = XCBuildConfiguration;
			buildSettings = {
				CODE_SIGN_STYLE = Automatic;
				CURRENT_PROJECT_VERSION = 1;
				DEFINES_MODULE = YES;
				DYLIB_COMPATIBILITY_VERSION = 1;
				DYLIB_CURRENT_VERSION = 1;
				DYLIB_INSTALL_NAME_BASE = "@rpath";
				GENERATE_INFOPLIST_FILE = YES;
				INFOPLIST_KEY_NSHumanReadableCopyright = "";
				INSTALL_PATH = "$(LOCAL_LIBRARY_DIR)/Frameworks";
				LD_RUNPATH_SEARCH_PATHS = (
					"$(inherited)",
					"@executable_path/Frameworks",
					"@loader_path/Frameworks",
				);
				MARKETING_VERSION = 1.0;
				PRODUCT_BUNDLE_IDENTIFIER = com.gagnant.Coordinator;
				PRODUCT_NAME = "$(TARGET_NAME:c99extidentifier)";
				SKIP_INSTALL = YES;
				SWIFT_EMIT_LOC_STRINGS = YES;
				SWIFT_VERSION = 5.0;
				TARGETED_DEVICE_FAMILY = "1,2";
			};
			name = Release;
		};
		46E470C828118D6300896040 /* Debug */ = {
			isa = XCBuildConfiguration;
			buildSettings = {
				ALWAYS_EMBED_SWIFT_STANDARD_LIBRARIES = YES;
				CODE_SIGN_STYLE = Automatic;
				CURRENT_PROJECT_VERSION = 1;
				GENERATE_INFOPLIST_FILE = YES;
				MARKETING_VERSION = 1.0;
				PRODUCT_BUNDLE_IDENTIFIER = com.gagnant.CoordinatorTests;
				PRODUCT_NAME = "$(TARGET_NAME)";
				SWIFT_EMIT_LOC_STRINGS = NO;
				SWIFT_VERSION = 5.0;
				TARGETED_DEVICE_FAMILY = "1,2";
			};
			name = Debug;
		};
		46E470C928118D6300896040 /* Release */ = {
			isa = XCBuildConfiguration;
			buildSettings = {
				ALWAYS_EMBED_SWIFT_STANDARD_LIBRARIES = YES;
				CODE_SIGN_STYLE = Automatic;
				CURRENT_PROJECT_VERSION = 1;
				GENERATE_INFOPLIST_FILE = YES;
				MARKETING_VERSION = 1.0;
				PRODUCT_BUNDLE_IDENTIFIER = com.gagnant.CoordinatorTests;
				PRODUCT_NAME = "$(TARGET_NAME)";
				SWIFT_EMIT_LOC_STRINGS = NO;
				SWIFT_VERSION = 5.0;
				TARGETED_DEVICE_FAMILY = "1,2";
			};
			name = Release;
		};
/* End XCBuildConfiguration section */

/* Begin XCConfigurationList section */
		46E470AA28118D6300896040 /* Build configuration list for PBXProject "Coordinator" */ = {
			isa = XCConfigurationList;
			buildConfigurations = (
				46E470C228118D6300896040 /* Debug */,
				46E470C328118D6300896040 /* Release */,
			);
			defaultConfigurationIsVisible = 0;
			defaultConfigurationName = Release;
		};
		46E470C428118D6300896040 /* Build configuration list for PBXNativeTarget "Coordinator" */ = {
			isa = XCConfigurationList;
			buildConfigurations = (
				46E470C528118D6300896040 /* Debug */,
				46E470C628118D6300896040 /* Release */,
			);
			defaultConfigurationIsVisible = 0;
			defaultConfigurationName = Release;
		};
		46E470C728118D6300896040 /* Build configuration list for PBXNativeTarget "CoordinatorTests" */ = {
			isa = XCConfigurationList;
			buildConfigurations = (
				46E470C828118D6300896040 /* Debug */,
				46E470C928118D6300896040 /* Release */,
			);
			defaultConfigurationIsVisible = 0;
			defaultConfigurationName = Release;
		};
/* End XCConfigurationList section */
	};
	rootObject = 46E470A728118D6300896040 /* Project object */;
}
